
Microsoft Visual Studio Solution File, Format Version 12.00
# Visual Studio Version 17
VisualStudioVersion = 17.4.33103.184
MinimumVisualStudioVersion = 10.0.40219.1
Project("{9A19103F-16F7-4668-BE54-9A1E7A4F7556}") = "B1_WordShuffle", "B1_WordShuffle\B1_WordShuffle.csproj", "{EF11CF5B-F63F-44C8-A49D-C409F363080F}"
EndProject
Project("{9A19103F-16F7-4668-BE54-9A1E7A4F7556}") = "B2_OverlappingText", "B2_OverlappingText\B2_OverlappingText.csproj", "{8EDD38A0-6314-4702-866B-880350E5E889}"
EndProject
Project("{9A19103F-16F7-4668-BE54-9A1E7A4F7556}") = "DataLayer", "DataLayer\DataLayer.csproj", "{01E921A3-7A08-4B30-8DE8-528AC3352947}"
EndProject
Project("{FAE04EC0-301F-11D3-BF4B-00C04F79EFBC}") = "A1_RomanNumerals", "A1_RomanNumerals\A1_RomanNumerals.csproj", "{D6302B6A-CA9D-4DCB-83C2-78D0CA2E316A}"
EndProject
Project("{FAE04EC0-301F-11D3-BF4B-00C04F79EFBC}") = "A2_BattleSimulator", "A2_BattleSimulator\A2_BattleSimulator.csproj", "{AF082038-3B33-4762-AA1E-F5D2067D9E87}"
EndProject
Project("{FAE04EC0-301F-11D3-BF4B-00C04F79EFBC}") = "A3_Maze", "A3_Maze\A3_Maze.csproj", "{249ECB25-7698-4A77-88C6-42099345C433}"
EndProject
Global
	GlobalSection(SolutionConfigurationPlatforms) = preSolution
		Debug|Any CPU = Debug|Any CPU
		Release|Any CPU = Release|Any CPU
	EndGlobalSection
	GlobalSection(ProjectConfigurationPlatforms) = postSolution
		{EF11CF5B-F63F-44C8-A49D-C409F363080F}.Debug|Any CPU.ActiveCfg = Debug|Any CPU
		{EF11CF5B-F63F-44C8-A49D-C409F363080F}.Debug|Any CPU.Build.0 = Debug|Any CPU
		{EF11CF5B-F63F-44C8-A49D-C409F363080F}.Release|Any CPU.ActiveCfg = Release|Any CPU
		{EF11CF5B-F63F-44C8-A49D-C409F363080F}.Release|Any CPU.Build.0 = Release|Any CPU
		{8EDD38A0-6314-4702-866B-880350E5E889}.Debug|Any CPU.ActiveCfg = Debug|Any CPU
		{8EDD38A0-6314-4702-866B-880350E5E889}.Debug|Any CPU.Build.0 = Debug|Any CPU
		{8EDD38A0-6314-4702-866B-880350E5E889}.Release|Any CPU.ActiveCfg = Release|Any CPU
		{8EDD38A0-6314-4702-866B-880350E5E889}.Release|Any CPU.Build.0 = Release|Any CPU
		{01E921A3-7A08-4B30-8DE8-528AC3352947}.Debug|Any CPU.ActiveCfg = Debug|Any CPU
		{01E921A3-7A08-4B30-8DE8-528AC3352947}.Debug|Any CPU.Build.0 = Debug|Any CPU
		{01E921A3-7A08-4B30-8DE8-528AC3352947}.Release|Any CPU.ActiveCfg = Release|Any CPU
		{01E921A3-7A08-4B30-8DE8-528AC3352947}.Release|Any CPU.Build.0 = Release|Any CPU
		{D6302B6A-CA9D-4DCB-83C2-78D0CA2E316A}.Debug|Any CPU.ActiveCfg = Debug|Any CPU
		{D6302B6A-CA9D-4DCB-83C2-78D0CA2E316A}.Debug|Any CPU.Build.0 = Debug|Any CPU
		{D6302B6A-CA9D-4DCB-83C2-78D0CA2E316A}.Release|Any CPU.ActiveCfg = Release|Any CPU
		{D6302B6A-CA9D-4DCB-83C2-78D0CA2E316A}.Release|Any CPU.Build.0 = Release|Any CPU
		{AF082038-3B33-4762-AA1E-F5D2067D9E87}.Debug|Any CPU.ActiveCfg = Debug|Any CPU
		{AF082038-3B33-4762-AA1E-F5D2067D9E87}.Debug|Any CPU.Build.0 = Debug|Any CPU
		{AF082038-3B33-4762-AA1E-F5D2067D9E87}.Release|Any CPU.ActiveCfg = Release|Any CPU
		{AF082038-3B33-4762-AA1E-F5D2067D9E87}.Release|Any CPU.Build.0 = Release|Any CPU
		{249ECB25-7698-4A77-88C6-42099345C433}.Debug|Any CPU.ActiveCfg = Debug|Any CPU
		{249ECB25-7698-4A77-88C6-42099345C433}.Debug|Any CPU.Build.0 = Debug|Any CPU
		{249ECB25-7698-4A77-88C6-42099345C433}.Release|Any CPU.ActiveCfg = Release|Any CPU
		{249ECB25-7698-4A77-88C6-42099345C433}.Release|Any CPU.Build.0 = Release|Any CPU
	EndGlobalSection
	GlobalSection(SolutionProperties) = preSolution
		HideSolutionNode = FALSE
	EndGlobalSection
	GlobalSection(ExtensibilityGlobals) = postSolution
		SolutionGuid = {7F2A9541-9865-4E5C-AEE5-F0BBF99ADC49}
	EndGlobalSection
EndGlobal
